lockfileVersion: '6.0'

settings:
  autoInstallPeers: true
  excludeLinksFromLockfile: false

importers:

  .: {}

  examples/failure:
    devDependencies:
      i18n-locale-lint:
        specifier: '*'
        version: link:../..

  examples/success:
    devDependencies:
      i18n-locale-lint:
        specifier: '*'
        version: link:../..

  examples/yaml:
    devDependencies:
      i18n-locale-lint:
        specifier: '*'
        version: link:../..
