lockfileVersion: '9.0'

settings:
  autoInstallPeers: true
  excludeLinksFromLockfile: false

importers:

  .:
    dependencies:
      follow-redirects:
        specifier: ^1.15.6
        version: 1.15.6

  examples/failure:
    devDependencies:
      i18n-locale-lint:
        specifier: file:../../
        version: 'file:'

  examples/success:
    devDependencies:
      i18n-locale-lint:
        specifier: file:../../
        version: 'file:'

  examples/yaml:
    devDependencies:
      i18n-locale-lint:
        specifier: file:../../
        version: 'file:'

packages:

  follow-redirects@1.15.6:
    resolution: {integrity: sha512-wWN62YITEaOpSK584EZXJafH1AGpO8RVgElfkuXbTOrPX4fIfOyEpW/CsiNd8JdYrAoOvafRTOEnvsO++qCqFA==}
    engines: {node: '>=4.0'}
    peerDependencies:
      debug: '*'
    peerDependenciesMeta:
      debug:
        optional: true

  'i18n-locale-lint@file:':
    resolution: {directory: '', type: directory}
    engines: {pnpm: 9.0.6}
    hasBin: true

snapshots:

  follow-redirects@1.15.6: {}

  'i18n-locale-lint@file:':
    dependencies:
      follow-redirects: 1.15.6
    transitivePeerDependencies:
      - debug
